
Microsoft Visual Studio Solution File, Format Version 12.00
# Visual Studio Version 16
VisualStudioVersion = 16.0.32228.343
MinimumVisualStudioVersion = 10.0.40219.1
Project("{FAE04EC0-301F-11D3-BF4B-00C04F79EFBC}") = "IMC", "IMC.csproj", "{F08FF9D4-D7F7-462B-BCFD-13B8CF250C7D}"
EndProject
Global
	GlobalSection(SolutionConfigurationPlatforms) = preSolution
		Debug|Any CPU = Debug|Any CPU
		Release|Any CPU = Release|Any CPU
	EndGlobalSection
	GlobalSection(ProjectConfigurationPlatforms) = postSolution
		{F08FF9D4-D7F7-462B-BCFD-13B8CF250C7D}.Debug|Any CPU.ActiveCfg = Debug|Any CPU
		{F08FF9D4-D7F7-462B-BCFD-13B8CF250C7D}.Debug|Any CPU.Build.0 = Debug|Any CPU
		{F08FF9D4-D7F7-462B-BCFD-13B8CF250C7D}.Release|Any CPU.ActiveCfg = Release|Any CPU
		{F08FF9D4-D7F7-462B-BCFD-13B8CF250C7D}.Release|Any CPU.Build.0 = Release|Any CPU
	EndGlobalSection
	GlobalSection(SolutionProperties) = preSolution
		HideSolutionNode = FALSE
	EndGlobalSection
	GlobalSection(ExtensibilityGlobals) = postSolution
		SolutionGuid = {D34823E6-514D-413B-B68E-F435E0403E26}
	EndGlobalSection
EndGlobal
